
Microsoft Visual Studio Solution File, Format Version 12.00
# Visual Studio Version 17
VisualStudioVersion = 17.4.33122.133
MinimumVisualStudioVersion = 10.0.40219.1
Project("{FAE04EC0-301F-11D3-BF4B-00C04F79EFBC}") = "WebTestsQldDec22", "WebTestsQldDec22\WebTestsQldDec22.csproj", "{A686E08A-A913-4C96-BD97-0E0BF0313C21}"
EndProject
Global
	GlobalSection(SolutionConfigurationPlatforms) = preSolution
		Debug|Any CPU = Debug|Any CPU
		Release|Any CPU = Release|Any CPU
	EndGlobalSection
	GlobalSection(ProjectConfigurationPlatforms) = postSolution
		{A686E08A-A913-4C96-BD97-0E0BF0313C21}.Debug|Any CPU.ActiveCfg = Debug|Any CPU
		{A686E08A-A913-4C96-BD97-0E0BF0313C21}.Debug|Any CPU.Build.0 = Debug|Any CPU
		{A686E08A-A913-4C96-BD97-0E0BF0313C21}.Release|Any CPU.ActiveCfg = Release|Any CPU
		{A686E08A-A913-4C96-BD97-0E0BF0313C21}.Release|Any CPU.Build.0 = Release|Any CPU
	EndGlobalSection
	GlobalSection(SolutionProperties) = preSolution
		HideSolutionNode = FALSE
	EndGlobalSection
	GlobalSection(ExtensibilityGlobals) = postSolution
		SolutionGuid = {C65668A2-A6FB-4047-BD4E-6FEE139D3929}
	EndGlobalSection
EndGlobal
